
Microsoft Visual Studio Solution File, Format Version 12.00
# Visual Studio Version 16
VisualStudioVersion = 16.0.30104.148
MinimumVisualStudioVersion = 10.0.40219.1
Project("{9A19103F-16F7-4668-BE54-9A1E7A4F7556}") = "BalTelegramBot", "BalTelegramBot\BalTelegramBot.csproj", "{BBE07369-5C24-414C-936E-9B41464EA62C}"
EndProject
Global
	GlobalSection(SolutionConfigurationPlatforms) = preSolution
		Debug|Any CPU = Debug|Any CPU
		Release|Any CPU = Release|Any CPU
	EndGlobalSection
	GlobalSection(ProjectConfigurationPlatforms) = postSolution
		{BBE07369-5C24-414C-936E-9B41464EA62C}.Debug|Any CPU.ActiveCfg = Debug|Any CPU
		{BBE07369-5C24-414C-936E-9B41464EA62C}.Debug|Any CPU.Build.0 = Debug|Any CPU
		{BBE07369-5C24-414C-936E-9B41464EA62C}.Release|Any CPU.ActiveCfg = Release|Any CPU
		{BBE07369-5C24-414C-936E-9B41464EA62C}.Release|Any CPU.Build.0 = Release|Any CPU
	EndGlobalSection
	GlobalSection(SolutionProperties) = preSolution
		HideSolutionNode = FALSE
	EndGlobalSection
	GlobalSection(ExtensibilityGlobals) = postSolution
		SolutionGuid = {DE923153-94C5-4EAF-A542-F705FDBAE02A}
	EndGlobalSection
EndGlobal
